
Microsoft Visual Studio Solution File, Format Version 12.00
# Visual Studio Version 16
VisualStudioVersion = 16.0.31205.134
MinimumVisualStudioVersion = 10.0.40219.1
Project("{2150E333-8FDC-42A3-9474-1A3956D46DE8}") = "Services", "Services", "{D6BC5ABF-15BC-497E-BA3B-152371D23DB7}"
EndProject
Project("{2150E333-8FDC-42A3-9474-1A3956D46DE8}") = "WebApps", "WebApps", "{86236B39-16E7-4EA9-AB28-7F4EB8B5A077}"
EndProject
Project("{2150E333-8FDC-42A3-9474-1A3956D46DE8}") = "Cadastros", "Cadastros", "{D1542011-8BC4-4C92-ACF3-CECE4762FE12}"
EndProject
Project("{2150E333-8FDC-42A3-9474-1A3956D46DE8}") = "Catalogo", "Catalogo", "{F8C9F313-9B71-4B27-AC4C-7EAC956D817E}"
EndProject
Project("{2150E333-8FDC-42A3-9474-1A3956D46DE8}") = "Core", "Core", "{82351ACE-B896-4E67-87F4-6A2DDEC53391}"
EndProject
Project("{2150E333-8FDC-42A3-9474-1A3956D46DE8}") = "Fiscal", "Fiscal", "{B05CD787-D95E-43E5-9B58-153C0A392760}"
EndProject
Project("{2150E333-8FDC-42A3-9474-1A3956D46DE8}") = "Pagamentos", "Pagamentos", "{6296550F-5030-4E66-8098-CE00CA71C240}"
	ProjectSection(SolutionItems) = preProject
		src\NerdStore.Pagamentos.Data\NerdStore.Pagamentos.Data.csproj = src\NerdStore.Pagamentos.Data\NerdStore.Pagamentos.Data.csproj
	EndProjectSection
EndProject
Project("{2150E333-8FDC-42A3-9474-1A3956D46DE8}") = "Vendas", "Vendas", "{1FCAEE46-3C07-4929-8A99-2363AE53134B}"
EndProject
Project("{9A19103F-16F7-4668-BE54-9A1E7A4F7556}") = "NerdStore.Catalogo.Domain", "src\NerdStore.Catalogo.Domain\NerdStore.Catalogo.Domain.csproj", "{FD0F36D3-7CE1-4A88-868D-97DD1BA03D3B}"
EndProject
Project("{9A19103F-16F7-4668-BE54-9A1E7A4F7556}") = "NerdStore.Core", "src\NerdStore.Core\NerdStore.Core.csproj", "{B766E783-2119-450A-9621-F8B6526C535C}"
EndProject
Project("{2150E333-8FDC-42A3-9474-1A3956D46DE8}") = "Tests", "Tests", "{63084B12-21C0-4E2C-B2C2-1B8D792F279B}"
EndProject
Project("{9A19103F-16F7-4668-BE54-9A1E7A4F7556}") = "NerdStore.Catalogo.Domain.Tests", "test\NerdStore.Catalogo.Domain.Tests\NerdStore.Catalogo.Domain.Tests.csproj", "{404E391E-E266-476B-B329-3EA327C368F5}"
EndProject
Project("{9A19103F-16F7-4668-BE54-9A1E7A4F7556}") = "NerdStore.Catalogo.Data", "src\NerdStore.Catalogo.Data\NerdStore.Catalogo.Data.csproj", "{1A17C988-5404-47A0-BCE0-C2F742354B15}"
EndProject
Project("{9A19103F-16F7-4668-BE54-9A1E7A4F7556}") = "NerdStore.Catalogo.Application", "src\NerdStore.Catalogo.Application\NerdStore.Catalogo.Application.csproj", "{A2002DDF-FCFC-4661-BEFB-D07BA799BA42}"
EndProject
Project("{9A19103F-16F7-4668-BE54-9A1E7A4F7556}") = "NerdStore.Vendas.Domain", "src\NerdStore.Vendas.Domain\NerdStore.Vendas.Domain.csproj", "{7EB62364-F380-485F-9826-9671E37A7CC3}"
EndProject
Project("{9A19103F-16F7-4668-BE54-9A1E7A4F7556}") = "NerdStore.Vendas.Application", "src\NerdStore.Vendas.Application\NerdStore.Vendas.Application.csproj", "{598F940E-0520-4966-AB7E-5571391A0DE9}"
EndProject
Project("{9A19103F-16F7-4668-BE54-9A1E7A4F7556}") = "NerdStore.Vendas.Data", "src\NerdStore.Vendas.Data\NerdStore.Vendas.Data.csproj", "{ABC41FD3-F9A2-480C-A8A0-0DAB909CCBF4}"
EndProject
Project("{9A19103F-16F7-4668-BE54-9A1E7A4F7556}") = "NerdStore.WebApp.MVC", "src\NerdStore.WebApp.MVC\NerdStore.WebApp.MVC.csproj", "{201C6E68-3F53-468B-865C-D2C07DC2EBFA}"
EndProject
Project("{9A19103F-16F7-4668-BE54-9A1E7A4F7556}") = "NerdStore.Pagamentos.AntiCorruption", "src\NerdStore.Pagamentos.AntiCorruption\NerdStore.Pagamentos.AntiCorruption.csproj", "{247626F8-572E-4D5F-8F1E-58F75C083E6B}"
EndProject
Project("{9A19103F-16F7-4668-BE54-9A1E7A4F7556}") = "NerdStore.Pagamentos.Business", "src\NerdStore.Pagamentos.Business\NerdStore.Pagamentos.Business.csproj", "{B9A3CF53-14EE-4C7A-9709-99781A37662E}"
EndProject
Global
	GlobalSection(SolutionConfigurationPlatforms) = preSolution
		Debug|Any CPU = Debug|Any CPU
		Release|Any CPU = Release|Any CPU
	EndGlobalSection
	GlobalSection(ProjectConfigurationPlatforms) = postSolution
		{FD0F36D3-7CE1-4A88-868D-97DD1BA03D3B}.Debug|Any CPU.ActiveCfg = Debug|Any CPU
		{FD0F36D3-7CE1-4A88-868D-97DD1BA03D3B}.Debug|Any CPU.Build.0 = Debug|Any CPU
		{FD0F36D3-7CE1-4A88-868D-97DD1BA03D3B}.Release|Any CPU.ActiveCfg = Release|Any CPU
		{FD0F36D3-7CE1-4A88-868D-97DD1BA03D3B}.Release|Any CPU.Build.0 = Release|Any CPU
		{B766E783-2119-450A-9621-F8B6526C535C}.Debug|Any CPU.ActiveCfg = Debug|Any CPU
		{B766E783-2119-450A-9621-F8B6526C535C}.Debug|Any CPU.Build.0 = Debug|Any CPU
		{B766E783-2119-450A-9621-F8B6526C535C}.Release|Any CPU.ActiveCfg = Release|Any CPU
		{B766E783-2119-450A-9621-F8B6526C535C}.Release|Any CPU.Build.0 = Release|Any CPU
		{404E391E-E266-476B-B329-3EA327C368F5}.Debug|Any CPU.ActiveCfg = Debug|Any CPU
		{404E391E-E266-476B-B329-3EA327C368F5}.Debug|Any CPU.Build.0 = Debug|Any CPU
		{404E391E-E266-476B-B329-3EA327C368F5}.Release|Any CPU.ActiveCfg = Release|Any CPU
		{404E391E-E266-476B-B329-3EA327C368F5}.Release|Any CPU.Build.0 = Release|Any CPU
		{1A17C988-5404-47A0-BCE0-C2F742354B15}.Debug|Any CPU.ActiveCfg = Debug|Any CPU
		{1A17C988-5404-47A0-BCE0-C2F742354B15}.Debug|Any CPU.Build.0 = Debug|Any CPU
		{1A17C988-5404-47A0-BCE0-C2F742354B15}.Release|Any CPU.ActiveCfg = Release|Any CPU
		{1A17C988-5404-47A0-BCE0-C2F742354B15}.Release|Any CPU.Build.0 = Release|Any CPU
		{A2002DDF-FCFC-4661-BEFB-D07BA799BA42}.Debug|Any CPU.ActiveCfg = Debug|Any CPU
		{A2002DDF-FCFC-4661-BEFB-D07BA799BA42}.Debug|Any CPU.Build.0 = Debug|Any CPU
		{A2002DDF-FCFC-4661-BEFB-D07BA799BA42}.Release|Any CPU.ActiveCfg = Release|Any CPU
		{A2002DDF-FCFC-4661-BEFB-D07BA799BA42}.Release|Any CPU.Build.0 = Release|Any CPU
		{7EB62364-F380-485F-9826-9671E37A7CC3}.Debug|Any CPU.ActiveCfg = Debug|Any CPU
		{7EB62364-F380-485F-9826-9671E37A7CC3}.Debug|Any CPU.Build.0 = Debug|Any CPU
		{7EB62364-F380-485F-9826-9671E37A7CC3}.Release|Any CPU.ActiveCfg = Release|Any CPU
		{7EB62364-F380-485F-9826-9671E37A7CC3}.Release|Any CPU.Build.0 = Release|Any CPU
		{598F940E-0520-4966-AB7E-5571391A0DE9}.Debug|Any CPU.ActiveCfg = Debug|Any CPU
		{598F940E-0520-4966-AB7E-5571391A0DE9}.Debug|Any CPU.Build.0 = Debug|Any CPU
		{598F940E-0520-4966-AB7E-5571391A0DE9}.Release|Any CPU.ActiveCfg = Release|Any CPU
		{598F940E-0520-4966-AB7E-5571391A0DE9}.Release|Any CPU.Build.0 = Release|Any CPU
		{ABC41FD3-F9A2-480C-A8A0-0DAB909CCBF4}.Debug|Any CPU.ActiveCfg = Debug|Any CPU
		{ABC41FD3-F9A2-480C-A8A0-0DAB909CCBF4}.Debug|Any CPU.Build.0 = Debug|Any CPU
		{ABC41FD3-F9A2-480C-A8A0-0DAB909CCBF4}.Release|Any CPU.ActiveCfg = Release|Any CPU
		{ABC41FD3-F9A2-480C-A8A0-0DAB909CCBF4}.Release|Any CPU.Build.0 = Release|Any CPU
		{201C6E68-3F53-468B-865C-D2C07DC2EBFA}.Debug|Any CPU.ActiveCfg = Debug|Any CPU
		{201C6E68-3F53-468B-865C-D2C07DC2EBFA}.Debug|Any CPU.Build.0 = Debug|Any CPU
		{201C6E68-3F53-468B-865C-D2C07DC2EBFA}.Release|Any CPU.ActiveCfg = Release|Any CPU
		{201C6E68-3F53-468B-865C-D2C07DC2EBFA}.Release|Any CPU.Build.0 = Release|Any CPU
		{247626F8-572E-4D5F-8F1E-58F75C083E6B}.Debug|Any CPU.ActiveCfg = Debug|Any CPU
		{247626F8-572E-4D5F-8F1E-58F75C083E6B}.Debug|Any CPU.Build.0 = Debug|Any CPU
		{247626F8-572E-4D5F-8F1E-58F75C083E6B}.Release|Any CPU.ActiveCfg = Release|Any CPU
		{247626F8-572E-4D5F-8F1E-58F75C083E6B}.Release|Any CPU.Build.0 = Release|Any CPU
		{B9A3CF53-14EE-4C7A-9709-99781A37662E}.Debug|Any CPU.ActiveCfg = Debug|Any CPU
		{B9A3CF53-14EE-4C7A-9709-99781A37662E}.Debug|Any CPU.Build.0 = Debug|Any CPU
		{B9A3CF53-14EE-4C7A-9709-99781A37662E}.Release|Any CPU.ActiveCfg = Release|Any CPU
		{B9A3CF53-14EE-4C7A-9709-99781A37662E}.Release|Any CPU.Build.0 = Release|Any CPU
	EndGlobalSection
	GlobalSection(SolutionProperties) = preSolution
		HideSolutionNode = FALSE
	EndGlobalSection
	GlobalSection(NestedProjects) = preSolution
		{D1542011-8BC4-4C92-ACF3-CECE4762FE12} = {D6BC5ABF-15BC-497E-BA3B-152371D23DB7}
		{F8C9F313-9B71-4B27-AC4C-7EAC956D817E} = {D6BC5ABF-15BC-497E-BA3B-152371D23DB7}
		{82351ACE-B896-4E67-87F4-6A2DDEC53391} = {D6BC5ABF-15BC-497E-BA3B-152371D23DB7}
		{B05CD787-D95E-43E5-9B58-153C0A392760} = {D6BC5ABF-15BC-497E-BA3B-152371D23DB7}
		{6296550F-5030-4E66-8098-CE00CA71C240} = {D6BC5ABF-15BC-497E-BA3B-152371D23DB7}
		{1FCAEE46-3C07-4929-8A99-2363AE53134B} = {D6BC5ABF-15BC-497E-BA3B-152371D23DB7}
		{FD0F36D3-7CE1-4A88-868D-97DD1BA03D3B} = {F8C9F313-9B71-4B27-AC4C-7EAC956D817E}
		{B766E783-2119-450A-9621-F8B6526C535C} = {82351ACE-B896-4E67-87F4-6A2DDEC53391}
		{63084B12-21C0-4E2C-B2C2-1B8D792F279B} = {F8C9F313-9B71-4B27-AC4C-7EAC956D817E}
		{404E391E-E266-476B-B329-3EA327C368F5} = {63084B12-21C0-4E2C-B2C2-1B8D792F279B}
		{1A17C988-5404-47A0-BCE0-C2F742354B15} = {F8C9F313-9B71-4B27-AC4C-7EAC956D817E}
		{A2002DDF-FCFC-4661-BEFB-D07BA799BA42} = {F8C9F313-9B71-4B27-AC4C-7EAC956D817E}
		{7EB62364-F380-485F-9826-9671E37A7CC3} = {1FCAEE46-3C07-4929-8A99-2363AE53134B}
		{598F940E-0520-4966-AB7E-5571391A0DE9} = {1FCAEE46-3C07-4929-8A99-2363AE53134B}
		{ABC41FD3-F9A2-480C-A8A0-0DAB909CCBF4} = {1FCAEE46-3C07-4929-8A99-2363AE53134B}
		{201C6E68-3F53-468B-865C-D2C07DC2EBFA} = {86236B39-16E7-4EA9-AB28-7F4EB8B5A077}
		{247626F8-572E-4D5F-8F1E-58F75C083E6B} = {6296550F-5030-4E66-8098-CE00CA71C240}
		{B9A3CF53-14EE-4C7A-9709-99781A37662E} = {6296550F-5030-4E66-8098-CE00CA71C240}
	EndGlobalSection
	GlobalSection(ExtensibilityGlobals) = postSolution
		SolutionGuid = {274FAB9A-BE2B-4EC9-BDF3-5461010EC270}
	EndGlobalSection
EndGlobal
